// !$*UTF8*$!
{
	archiveVersion = 1;
	classes = {
	};
	objectVersion = 50;
	objects = {

/* Begin PBXBuildFile section */
		571E274D21F36AFF00835EBB /* MainScreen.swift in Sources */ = {isa = PBXBuildFile; fileRef = 571E274C21F36AFF00835EBB /* MainScreen.swift */; };
		571E274F21F36C7200835EBB /* Store.swift in Sources */ = {isa = PBXBuildFile; fileRef = 571E274E21F36C7200835EBB /* Store.swift */; };
		5754F2FB21F66EED00FA64BE /* Tutorial.swift in Sources */ = {isa = PBXBuildFile; fileRef = 5754F2FA21F66EED00FA64BE /* Tutorial.swift */; };
		57C7D40E21EFF7A800CA2C74 /* AppDelegate.swift in Sources */ = {isa = PBXBuildFile; fileRef = 57C7D40D21EFF7A800CA2C74 /* AppDelegate.swift */; };
		57C7D41321EFF7A800CA2C74 /* Main.storyboard in Resources */ = {isa = PBXBuildFile; fileRef = 57C7D41121EFF7A800CA2C74 /* Main.storyboard */; };
		57C7D41521EFF7AA00CA2C74 /* Assets.xcassets in Resources */ = {isa = PBXBuildFile; fileRef = 57C7D41421EFF7AA00CA2C74 /* Assets.xcassets */; };
		57C7D41821EFF7AA00CA2C74 /* LaunchScreen.storyboard in Resources */ = {isa = PBXBuildFile; fileRef = 57C7D41621EFF7AA00CA2C74 /* LaunchScreen.storyboard */; };
/* End PBXBuildFile section */

/* Begin PBXFileReference section */
		571E274C21F36AFF00835EBB /* MainScreen.swift */ = {isa = PBXFileReference; lastKnownFileType = sourcecode.swift; path = MainScreen.swift; sourceTree = "<group>"; };
		571E274E21F36C7200835EBB /* Store.swift */ = {isa = PBXFileReference; lastKnownFileType = sourcecode.swift; path = Store.swift; sourceTree = "<group>"; };
		5754F2FA21F66EED00FA64BE /* Tutorial.swift */ = {isa = PBXFileReference; lastKnownFileType = sourcecode.swift; path = Tutorial.swift; sourceTree = "<group>"; };
		57C7D40A21EFF7A800CA2C74 /* Repopulation.app */ = {isa = PBXFileReference; explicitFileType = wrapper.application; includeInIndex = 0; path = Repopulation.app; sourceTree = BUILT_PRODUCTS_DIR; };
		57C7D40D21EFF7A800CA2C74 /* AppDelegate.swift */ = {isa = PBXFileReference; lastKnownFileType = sourcecode.swift; path = AppDelegate.swift; sourceTree = "<group>"; };
		57C7D41221EFF7A800CA2C74 /* Base */ = {isa = PBXFileReference; lastKnownFileType = file.storyboard; name = Base; path = Base.lproj/Main.storyboard; sourceTree = "<group>"; };
		57C7D41421EFF7AA00CA2C74 /* Assets.xcassets */ = {isa = PBXFileReference; lastKnownFileType = folder.assetcatalog; path = Assets.xcassets; sourceTree = "<group>"; };
		57C7D41721EFF7AA00CA2C74 /* Base */ = {isa = PBXFileReference; lastKnownFileType = file.storyboard; name = Base; path = Base.lproj/LaunchScreen.storyboard; sourceTree = "<group>"; };
		57C7D41921EFF7AA00CA2C74 /* Info.plist */ = {isa = PBXFileReference; lastKnownFileType = text.plist.xml; path = Info.plist; sourceTree = "<group>"; };
/* End PBXFileReference section */

/* Begin PBXFrameworksBuildPhase section */
		57C7D40721EFF7A800CA2C74 /* Frameworks */ = {
			isa = PBXFrameworksBuildPhase;
			buildActionMask = 2147483647;
			files = (
			);
			runOnlyForDeploymentPostprocessing = 0;
		};
/* End PBXFrameworksBuildPhase section */

/* Begin PBXGroup section */
		57C7D40121EFF7A800CA2C74 = {
			isa = PBXGroup;
			children = (
				57C7D40B21EFF7A800CA2C74 /* Products */,
				57C7D40C21EFF7A800CA2C74 /* Repopulation */,
			);
			sourceTree = "<group>";
		};
		57C7D40B21EFF7A800CA2C74 /* Products */ = {
			isa = PBXGroup;
			children = (
				57C7D40A21EFF7A800CA2C74 /* Repopulation.app */,
			);
			name = Products;
			sourceTree = "<group>";
		};
		57C7D40C21EFF7A800CA2C74 /* Repopulation */ = {
			isa = PBXGroup;
			children = (
				57C7D40D21EFF7A800CA2C74 /* AppDelegate.swift */,
				571E274C21F36AFF00835EBB /* MainScreen.swift */,
				571E274E21F36C7200835EBB /* Store.swift */,
				5754F2FA21F66EED00FA64BE /* Tutorial.swift */,
				57C7D41121EFF7A800CA2C74 /* Main.storyboard */,
				57C7D41421EFF7AA00CA2C74 /* Assets.xcassets */,
				57C7D41621EFF7AA00CA2C74 /* LaunchScreen.storyboard */,
				57C7D41921EFF7AA00CA2C74 /* Info.plist */,
			);
			path = Repopulation;
			sourceTree = "<group>";
		};
/* End PBXGroup section */

/* Begin PBXNativeTarget section */
		57C7D40921EFF7A800CA2C74 /* Repopulation */ = {
			isa = PBXNativeTarget;
			buildConfigurationList = 57C7D41C21EFF7AA00CA2C74 /* Build configuration list for PBXNativeTarget "Repopulation" */;
			buildPhases = (
				57C7D40621EFF7A800CA2C74 /* Sources */,
				57C7D40721EFF7A800CA2C74 /* Frameworks */,
				57C7D40821EFF7A800CA2C74 /* Resources */,
			);
			buildRules = (
			);
			dependencies = (
			);
			name = Repopulation;
			productName = Repopulation;
			productReference = 57C7D40A21EFF7A800CA2C74 /* Repopulation.app */;
			productType = "com.apple.product-type.application";
		};
/* End PBXNativeTarget section */

/* Begin PBXProject section */
		57C7D40221EFF7A800CA2C74 /* Project object */ = {
			isa = PBXProject;
			attributes = {
				LastSwiftUpdateCheck = 1010;
				LastUpgradeCheck = 1010;
				ORGANIZATIONNAME = "Caden Kowalski";
				TargetAttributes = {
					57C7D40921EFF7A800CA2C74 = {
						CreatedOnToolsVersion = 10.1;
					};
				};
			};
			buildConfigurationList = 57C7D40521EFF7A800CA2C74 /* Build configuration list for PBXProject "Repopulation" */;
			compatibilityVersion = "Xcode 9.3";
			developmentRegion = en;
			hasScannedForEncodings = 0;
			knownRegions = (
				en,
				Base,
			);
			mainGroup = 57C7D40121EFF7A800CA2C74;
			productRefGroup = 57C7D40B21EFF7A800CA2C74 /* Products */;
			projectDirPath = "";
			projectRoot = "";
			targets = (
				57C7D40921EFF7A800CA2C74 /* Repopulation */,
			);
		};
/* End PBXProject section */

/* Begin PBXResourcesBuildPhase section */
		57C7D40821EFF7A800CA2C74 /* Resources */ = {
			isa = PBXResourcesBuildPhase;
			buildActionMask = 2147483647;
			files = (
				57C7D41821EFF7AA00CA2C74 /* LaunchScreen.storyboard in Resources */,
				57C7D41521EFF7AA00CA2C74 /* Assets.xcassets in Resources */,
				57C7D41321EFF7A800CA2C74 /* Main.storyboard in Resources */,
			);
			runOnlyForDeploymentPostprocessing = 0;
		};
/* End PBXResourcesBuildPhase section */

/* Begin PBXSourcesBuildPhase section */
		57C7D40621EFF7A800CA2C74 /* Sources */ = {
			isa = PBXSourcesBuildPhase;
			buildActionMask = 2147483647;
			files = (
				571E274D21F36AFF00835EBB /* MainScreen.swift in Sources */,
				57C7D40E21EFF7A800CA2C74 /* AppDelegate.swift in Sources */,
				571E274F21F36C7200835EBB /* Store.swift in Sources */,
				5754F2FB21F66EED00FA64BE /* Tutorial.swift in Sources */,
			);
			runOnlyForDeploymentPostprocessing = 0;
		};
/* End PBXSourcesBuildPhase section */

/* Begin PBXVariantGroup section */
		57C7D41121EFF7A800CA2C74 /* Main.storyboard */ = {
			isa = PBXVariantGroup;
			children = (
				57C7D41221EFF7A800CA2C74 /* Base */,
			);
			name = Main.storyboard;
			sourceTree = "<group>";
		};
		57C7D41621EFF7AA00CA2C74 /* LaunchScreen.storyboard */ = {
			isa = PBXVariantGroup;
			children = (
				57C7D41721EFF7AA00CA2C74 /* Base */,
			);
			name = LaunchScreen.storyboard;
			sourceTree = "<group>";
		};
/* End PBXVariantGroup section */

/* Begin XCBuildConfiguration section */
		57C7D41A21EFF7AA00CA2C74 /* Debug */ = {
			isa = XCBuildConfiguration;
			buildSettings = {
				ALWAYS_SEARCH_USER_PATHS = NO;
				CLANG_ANALYZER_NONNULL = YES;
				CLANG_ANALYZER_NUMBER_OBJECT_CONVERSION = YES_AGGRESSIVE;
				CLANG_CXX_LANGUAGE_STANDARD = "gnu++14";
				CLANG_CXX_LIBRARY = "libc++";
				CLANG_ENABLE_MODULES = YES;
				CLANG_ENABLE_OBJC_ARC = YES;
				CLANG_ENABLE_OBJC_WEAK = YES;
				CLANG_WARN_BLOCK_CAPTURE_AUTORELEASING = YES;
				CLANG_WARN_BOOL_CONVERSION = YES;
				CLANG_WARN_COMMA = YES;
				CLANG_WARN_CONSTANT_CONVERSION = YES;
				CLANG_WARN_DEPRECATED_OBJC_IMPLEMENTATIONS = YES;
				CLANG_WARN_DIRECT_OBJC_ISA_USAGE = YES_ERROR;
				CLANG_WARN_DOCUMENTATION_COMMENTS = YES;
				CLANG_WARN_EMPTY_BODY = YES;
				CLANG_WARN_ENUM_CONVERSION = YES;
				CLANG_WARN_INFINITE_RECURSION = YES;
				CLANG_WARN_INT_CONVERSION = YES;
				CLANG_WARN_NON_LITERAL_NULL_CONVERSION = YES;
				CLANG_WARN_OBJC_IMPLICIT_RETAIN_SELF = YES;
				CLANG_WARN_OBJC_LITERAL_CONVERSION = YES;
				CLANG_WARN_OBJC_ROOT_CLASS = YES_ERROR;
				CLANG_WARN_RANGE_LOOP_ANALYSIS = YES;
				CLANG_WARN_STRICT_PROTOTYPES = YES;
				CLANG_WARN_SUSPICIOUS_MOVE = YES;
				CLANG_WARN_UNGUARDED_AVAILABILITY = YES_AGGRESSIVE;
				CLANG_WARN_UNREACHABLE_CODE = YES;
				CLANG_WARN__DUPLICATE_METHOD_MATCH = YES;
				CODE_SIGN_IDENTITY = "iPhone Developer";
				COPY_PHASE_STRIP = NO;
				DEBUG_INFORMATION_FORMAT = dwarf;
				ENABLE_STRICT_OBJC_MSGSEND = YES;
				ENABLE_TESTABILITY = YES;
				GCC_C_LANGUAGE_STANDARD = gnu11;
				GCC_DYNAMIC_NO_PIC = NO;
				GCC_NO_COMMON_BLOCKS = YES;
				GCC_OPTIMIZATION_LEVEL = 0;
				GCC_PREPROCESSOR_DEFINITIONS = (
					"DEBUG=1",
					"$(inherited)",
				);
				GCC_WARN_64_TO_32_BIT_CONVERSION = YES;
				GCC_WARN_ABOUT_RETURN_TYPE = YES_ERROR;
				GCC_WARN_UNDECLARED_SELECTOR = YES;
				GCC_WARN_UNINITIALIZED_AUTOS = YES_AGGRESSIVE;
				GCC_WARN_UNUSED_FUNCTION = YES;
				GCC_WARN_UNUSED_VARIABLE = YES;
				IPHONEOS_DEPLOYMENT_TARGET = 12.1;
				MTL_ENABLE_DEBUG_INFO = INCLUDE_SOURCE;
				MTL_FAST_MATH = YES;
				ONLY_ACTIVE_ARCH = YES;
				SDKROOT = iphoneos;
				SWIFT_ACTIVE_COMPILATION_CONDITIONS = DEBUG;
				SWIFT_OPTIMIZATION_LEVEL = "-Onone";
			};
			name = Debug;
		};
		57C7D41B21EFF7AA00CA2C74 /* Release */ = {
			isa = XCBuildConfiguration;
			buildSettings = {
				ALWAYS_SEARCH_USER_PATHS = NO;
				CLANG_ANALYZER_NONNULL = YES;
				CLANG_ANALYZER_NUMBER_OBJECT_CONVERSION = YES_AGGRESSIVE;
				CLANG_CXX_LANGUAGE_STANDARD = "gnu++14";
				CLANG_CXX_LIBRARY = "libc++";
				CLANG_ENABLE_MODULES = YES;
				CLANG_ENABLE_OBJC_ARC = YES;
				CLANG_ENABLE_OBJC_WEAK = YES;
				CLANG_WARN_BLOCK_CAPTURE_AUTORELEASING = YES;
				CLANG_WARN_BOOL_CONVERSION = YES;
				CLANG_WARN_COMMA = YES;
				CLANG_WARN_CONSTANT_CONVERSION = YES;
				CLANG_WARN_DEPRECATED_OBJC_IMPLEMENTATIONS = YES;
				CLANG_WARN_DIRECT_OBJC_ISA_USAGE = YES_ERROR;
				CLANG_WARN_DOCUMENTATION_COMMENTS = YES;
				CLANG_WARN_EMPTY_BODY = YES;
				CLANG_WARN_ENUM_CONVERSION = YES;
				CLANG_WARN_INFINITE_RECURSION = YES;
				CLANG_WARN_INT_CONVERSION = YES;
				CLANG_WARN_NON_LITERAL_NULL_CONVERSION = YES;
				CLANG_WARN_OBJC_IMPLICIT_RETAIN_SELF = YES;
				CLANG_WARN_OBJC_LITERAL_CONVERSION = YES;
				CLANG_WARN_OBJC_ROOT_CLASS = YES_ERROR;
				CLANG_WARN_RANGE_LOOP_ANALYSIS = YES;
				CLANG_WARN_STRICT_PROTOTYPES = YES;
				CLANG_WARN_SUSPICIOUS_MOVE = YES;
				CLANG_WARN_UNGUARDED_AVAILABILITY = YES_AGGRESSIVE;
				CLANG_WARN_UNREACHABLE_CODE = YES;
				CLANG_WARN__DUPLICATE_METHOD_MATCH = YES;
				CODE_SIGN_IDENTITY = "iPhone Developer";
				COPY_PHASE_STRIP = NO;
				DEBUG_INFORMATION_FORMAT = "dwarf-with-dsym";
				ENABLE_NS_ASSERTIONS = NO;
				ENABLE_STRICT_OBJC_MSGSEND = YES;
				GCC_C_LANGUAGE_STANDARD = gnu11;
				GCC_NO_COMMON_BLOCKS = YES;
				GCC_WARN_64_TO_32_BIT_CONVERSION = YES;
				GCC_WARN_ABOUT_RETURN_TYPE = YES_ERROR;
				GCC_WARN_UNDECLARED_SELECTOR = YES;
				GCC_WARN_UNINITIALIZED_AUTOS = YES_AGGRESSIVE;
				GCC_WARN_UNUSED_FUNCTION = YES;
				GCC_WARN_UNUSED_VARIABLE = YES;
				IPHONEOS_DEPLOYMENT_TARGET = 12.1;
				MTL_ENABLE_DEBUG_INFO = NO;
				MTL_FAST_MATH = YES;
				SDKROOT = iphoneos;
				SWIFT_COMPILATION_MODE = wholemodule;
				SWIFT_OPTIMIZATION_LEVEL = "-O";
				VALIDATE_PRODUCT = YES;
			};
			name = Release;
		};
		57C7D41D21EFF7AA00CA2C74 /* Debug */ = {
			isa = XCBuildConfiguration;
			buildSettings = {
				ASSETCATALOG_COMPILER_APPICON_NAME = AppIcon;
				CODE_SIGN_STYLE = Automatic;
				DEVELOPMENT_TEAM = 7ZA9Y8B6FF;
				INFOPLIST_FILE = Repopulation/Info.plist;
				LD_RUNPATH_SEARCH_PATHS = (
					"$(inherited)",
					"@executable_path/Frameworks",
				);
				PRODUCT_BUNDLE_IDENTIFIER = com.example.Repopulation;
				PRODUCT_NAME = "$(TARGET_NAME)";
				SWIFT_VERSION = 4.2;
				TARGETED_DEVICE_FAMILY = 1;
			};
			name = Debug;
		};
		57C7D41E21EFF7AA00CA2C74 /* Release */ = {
			isa = XCBuildConfiguration;
			buildSettings = {
				ASSETCATALOG_COMPILER_APPICON_NAME = AppIcon;
				CODE_SIGN_STYLE = Automatic;
				DEVELOPMENT_TEAM = 7ZA9Y8B6FF;
				INFOPLIST_FILE = Repopulation/Info.plist;
				LD_RUNPATH_SEARCH_PATHS = (
					"$(inherited)",
					"@executable_path/Frameworks",
				);
				PRODUCT_BUNDLE_IDENTIFIER = com.example.Repopulation;
				PRODUCT_NAME = "$(TARGET_NAME)";
				SWIFT_VERSION = 4.2;
				TARGETED_DEVICE_FAMILY = 1;
			};
			name = Release;
		};
/* End XCBuildConfiguration section */

/* Begin XCConfigurationList section */
		57C7D40521EFF7A800CA2C74 /* Build configuration list for PBXProject "Repopulation" */ = {
			isa = XCConfigurationList;
			buildConfigurations = (
				57C7D41A21EFF7AA00CA2C74 /* Debug */,
				57C7D41B21EFF7AA00CA2C74 /* Release */,
			);
			defaultConfigurationIsVisible = 0;
			defaultConfigurationName = Release;
		};
		57C7D41C21EFF7AA00CA2C74 /* Build configuration list for PBXNativeTarget "Repopulation" */ = {
			isa = XCConfigurationList;
			buildConfigurations = (
				57C7D41D21EFF7AA00CA2C74 /* Debug */,
				57C7D41E21EFF7AA00CA2C74 /* Release */,
			);
			defaultConfigurationIsVisible = 0;
			defaultConfigurationName = Release;
		};
/* End XCConfigurationList section */
	};
	rootObject = 57C7D40221EFF7A800CA2C74 /* Project object */;
}
